<?xml version="1.0" encoding="utf-8"?>
<Project ToolsVersion="4.0" xmlns="http://schemas.microsoft.com/developer/msbuild/2003">
  <ItemGroup>
    <ClCompile Include="src\Common\Logging\Log.cpp" />
    <ClCompile Include="src\Common\Logging\Logger.cpp" />
    <ClCompile Include="src\Engine\Engine.cpp" />
    <ClCompile Include="src\Common\pch.cpp" />
    <ClCompile Include="src\Ecs\Entity.cpp" />
    <ClCompile Include="src\Ecs\World.cpp" />
    <ClCompile Include="tests\catch_amalgamated.cpp" />
    <ClCompile Include="tests\EcsTests.cpp" />
    <ClCompile Include="src\Ecs\BitMask.cpp" />
    <ClCompile Include="src\Ecs\EcsRegistry.cpp" />
    <ClCompile Include="src\Ecs\Filter.cpp" />
    <ClCompile Include="src\Ecs\FiltersRegistry.cpp" />
    <ClCompile Include="tests\BitMaskTests.cpp" />
    <ClCompile Include="src\Engine\Services.cpp" />    <ClCompile Include="src\Modules\Assets\Core\AssetManager.cpp" />    <ClCompile Include="src\Modules\Assets\Storage\AssetsMap.cpp" />
    <ClCompile Include="src\Modules\Resources\AssetBuilder.cpp" />
    <ClCompile Include="src\Modules\Resources\Serialization\BinaryReader.cpp" />
    <ClCompile Include="src\Modules\Resources\Serialization\BinaryWriter.cpp" />
    <ClCompile Include="src\Modules\Scenes\BuildScenesConfig.cpp" />
    <ClCompile Include="src\Modules\Scenes\Scene.cpp" />
    <ClCompile Include="src\Modules\Scenes\SceneManager.cpp" />
    <ClCompile Include="src\Modules\Behaviour\Behaviour.cpp" />
    <ClCompile Include="src\Modules\Behaviour\Systems\StartBehavioursSystem.cpp" />
    <ClCompile Include="src\Modules\Behaviour\Systems\UpdateBehavioursSystem.cpp" />
    <ClCompile Include="src\Modules\EntityManagement\EntityManager.cpp" />
    <ClCompile Include="src\Modules\Scenes\SceneEntity.cpp" />
    <ClCompile Include="src\Modules\Render\Renderer.cpp" />
    <ClCompile Include="src\Modules\Window\Window.cpp" />
    <ClCompile Include="src\Modules\Window\WindowManager.cpp" />
    <ClCompile Include="external\glad.cpp" />
    <ClCompile Include="external\glm\detail\glm.cpp" />
    <ClCompile Include="resources\rei_behaviours\render\Camera.cpp" />
    <ClCompile Include="resources\rei_behaviours\render\light\AmbientLight.cpp" />
    <ClCompile Include="resources\rei_behaviours\render\light\PointLight.cpp" />
    <ClCompile Include="resources\rei_behaviours\transformation\Transform.cpp" />
    <ClCompile Include="resources\rei_behaviours\transformation\TransformHierarchyOps.cpp" />
    <ClCompile Include="src\Common\Math\Vector3.cpp" />
    <ClCompile Include="src\Common\Tasks\Task.cpp" />
    <ClCompile Include="src\Common\Tasks\TaskExecutor.cpp" />
    <ClCompile Include="src\Ecs\Systems\CallbackSystem.cpp" />
    <ClCompile Include="src\Modules\Input\Input.cpp" />
    <ClCompile Include="src\Modules\Render\Color\Color.cpp" />
    <ClCompile Include="src\Modules\Render\Shaders\ShaderGenerator.cpp" />
    <ClCompile Include="src\Modules\Render\Shaders\Shader.cpp" />
    <ClCompile Include="src\Modules\Render\Shaders\ShaderUtility.cpp" />
    <ClCompile Include="src\Modules\Render\Systems\AssignMainCameraSystem.cpp" />
    <ClCompile Include="src\Modules\Render\Systems\FlyCameraSystem.cpp" />
    <ClCompile Include="src\Modules\Window\MainWindowHandler.cpp" />
    <ClCompile Include="src\Modules\Render\Mesh\Mesh.cpp" />
    <ClCompile Include="src\Modules\Render\Model\Model.cpp" />
    <ClCompile Include="src\Modules\Render\Textures\Texture.cpp" />
  </ItemGroup>
  <ItemGroup>
    <ClInclude Include="src\Core.h" />
    <ClInclude Include="src\Rei.h" />
    <ClInclude Include="src\Common\Logging\Log.h" />
    <ClInclude Include="src\Common\Logging\Logger.h" />
    <ClInclude Include="src\Common\Logging\LogLevelEnum.h" />
    <ClInclude Include="src\Common\Logging\LogMessage.h" />
    <ClInclude Include="src\Engine\Engine.h" />
    <ClInclude Include="src\pch.h" />
    <ClInclude Include="src\Common\Primitives.h" />
    <ClInclude Include="src\Ecs\Ecs.h" />
    <ClInclude Include="src\Ecs\BitMask.h" />
    <ClInclude Include="src\Ecs\ComponentSet.h" />
    <ClInclude Include="src\Ecs\Entity.h" />
    <ClInclude Include="src\Ecs\Filter.h" />
    <ClInclude Include="src\Ecs\TypeId.h" />
    <ClInclude Include="src\Ecs\World.h" />
    <ClInclude Include="tests\catch_amalgamated.hpp" />
    <ClInclude Include="src\Common\Assert.h" />
    <ClInclude Include="src\Ecs\EcsRegistry.h" />
    <ClInclude Include="src\Ecs\IComponentSet.h" />
    <ClInclude Include="src\Ecs\System.h" />
    <ClInclude Include="src\Ecs\FiltersRegistry.h" />
    <ClInclude Include="external\json.hpp" />
    <ClInclude Include="src\Ecs\IEcsModule.h" />
    <ClInclude Include="src\Engine\Services.h" />    <ClInclude Include="src\Modules\Assets\Core\AssetManager.h" />
    <ClInclude Include="src\Modules\Assets\Core\AssetRef.h" />
    <ClInclude Include="src\Modules\Assets\Storage\AssetsMap.h" />
    <ClInclude Include="src\Modules\Resources\AssetBuilder.h" />
    <ClInclude Include="src\Modules\Resources\Serialization\BinaryReader.h" />
    <ClInclude Include="src\Modules\Resources\Serialization\BinaryWriter.h" />
    <ClInclude Include="src\Modules\Scenes\BuildScenesConfig.h" />
    <ClInclude Include="src\Modules\Scenes\Scene.h" />
    <ClInclude Include="src\Modules\Scenes\SceneManager.h" />
    <ClInclude Include="src\Api\EditorApi.h" />
    <ClInclude Include="src\Startup\App.h" />
    <ClInclude Include="src\Startup\AppEntryPoint.h" />
    <ClInclude Include="src\Modules\Behaviour\Behaviour.h" />
    <ClInclude Include="src\Modules\Behaviour\Components\BehaviourCollection.h" />
    <ClInclude Include="src\Modules\Behaviour\Components\DisposeBehavioursEvent.h" />
    <ClInclude Include="src\Modules\Behaviour\Components\StartBehavioursEvent.h" />
    <ClInclude Include="src\Modules\Behaviour\Systems\StartBehavioursSystem.h" />
    <ClInclude Include="src\Modules\Behaviour\Systems\UpdateBehavioursSystem.h" />
    <ClInclude Include="src\Modules\Components\EntityInfo.h" />
    <ClInclude Include="src\Modules\EntityManagement\EntityManager.h" />
    <ClInclude Include="src\Modules\Scenes\SceneEntity.h" />
    <ClInclude Include="src\Modules\Render\Renderer.h" />
    <ClInclude Include="external\eventpp\callbacklist.h" />
    <ClInclude Include="external\eventpp\eventdispatcher.h" />
    <ClInclude Include="external\eventpp\eventpolicies.h" />
    <ClInclude Include="external\eventpp\eventqueue.h" />
    <ClInclude Include="external\eventpp\hetercallbacklist.h" />
    <ClInclude Include="external\eventpp\hetereventdispatcher.h" />
    <ClInclude Include="external\eventpp\hetereventqueue.h" />
    <ClInclude Include="external\eventpp\internal\eventpolicies_i.h" />
    <ClInclude Include="external\eventpp\internal\eventqueue_i.h" />
    <ClInclude Include="external\eventpp\internal\hetercallbacklist_i.h" />
    <ClInclude Include="external\eventpp\internal\typeutil_i.h" />
    <ClInclude Include="external\eventpp\mixins\mixinfilter.h" />
    <ClInclude Include="external\eventpp\mixins\mixinheterfilter.h" />
    <ClInclude Include="external\eventpp\utilities\anydata.h" />
    <ClInclude Include="external\eventpp\utilities\anyid.h" />
    <ClInclude Include="external\eventpp\utilities\argumentadapter.h" />
    <ClInclude Include="external\eventpp\utilities\conditionalfunctor.h" />
    <ClInclude Include="external\eventpp\utilities\conditionalremover.h" />
    <ClInclude Include="external\eventpp\utilities\counterremover.h" />
    <ClInclude Include="external\eventpp\utilities\eventmaker.h" />
    <ClInclude Include="external\eventpp\utilities\eventutil.h" />
    <ClInclude Include="external\eventpp\utilities\orderedqueuelist.h" />
    <ClInclude Include="external\eventpp\utilities\scopedremover.h" />
    <ClInclude Include="src\Modules\Window\Window.h" />
    <ClInclude Include="src\Modules\Window\WindowManager.h" />
    <ClInclude Include="external\assimp\aabb.h" />
    <ClInclude Include="external\assimp\ai_assert.h" />
    <ClInclude Include="external\assimp\anim.h" />
    <ClInclude Include="external\assimp\AssertHandler.h" />
    <ClInclude Include="external\assimp\Base64.hpp" />
    <ClInclude Include="external\assimp\BaseImporter.h" />
    <ClInclude Include="external\assimp\Bitmap.h" />
    <ClInclude Include="external\assimp\BlobIOSystem.h" />
    <ClInclude Include="external\assimp\ByteSwapper.h" />
    <ClInclude Include="external\assimp\camera.h" />
    <ClInclude Include="external\assimp\cexport.h" />
    <ClInclude Include="external\assimp\cfileio.h" />
    <ClInclude Include="external\assimp\cimport.h" />
    <ClInclude Include="external\assimp\ColladaMetaData.h" />
    <ClInclude Include="external\assimp\color4.h" />
    <ClInclude Include="external\assimp\color4.inl" />
    <ClInclude Include="external\assimp\commonMetaData.h" />
    <ClInclude Include="external\assimp\Compiler\poppack1.h" />
    <ClInclude Include="external\assimp\Compiler\pstdint.h" />
    <ClInclude Include="external\assimp\Compiler\pushpack1.h" />
    <ClInclude Include="external\assimp\config.h" />
    <ClInclude Include="external\assimp\CreateAnimMesh.h" />
    <ClInclude Include="external\assimp\DefaultIOStream.h" />
    <ClInclude Include="external\assimp\DefaultIOSystem.h" />
    <ClInclude Include="external\assimp\DefaultLogger.hpp" />
    <ClInclude Include="external\assimp\defs.h" />
    <ClInclude Include="external\assimp\Exceptional.h" />
    <ClInclude Include="external\assimp\Exporter.hpp" />
    <ClInclude Include="external\assimp\fast_atof.h" />
    <ClInclude Include="external\assimp\GenericProperty.h" />
    <ClInclude Include="external\assimp\GltfMaterial.h" />
    <ClInclude Include="external\assimp\Hash.h" />
    <ClInclude Include="external\assimp\Importer.hpp" />
    <ClInclude Include="external\assimp\importerdesc.h" />
    <ClInclude Include="external\assimp\IOStream.hpp" />
    <ClInclude Include="external\assimp\IOStreamBuffer.h" />
    <ClInclude Include="external\assimp\IOSystem.hpp" />
    <ClInclude Include="external\assimp\light.h" />
    <ClInclude Include="external\assimp\LineSplitter.h" />
    <ClInclude Include="external\assimp\LogAux.h" />
    <ClInclude Include="external\assimp\Logger.hpp" />
    <ClInclude Include="external\assimp\LogStream.hpp" />
    <ClInclude Include="external\assimp\material.h" />
    <ClInclude Include="external\assimp\material.inl" />
    <ClInclude Include="external\assimp\MathFunctions.h" />
    <ClInclude Include="external\assimp\matrix3x3.h" />
    <ClInclude Include="external\assimp\matrix3x3.inl" />
    <ClInclude Include="external\assimp\matrix4x4.h" />
    <ClInclude Include="external\assimp\matrix4x4.inl" />
    <ClInclude Include="external\assimp\MemoryIOWrapper.h" />
    <ClInclude Include="external\assimp\mesh.h" />
    <ClInclude Include="external\assimp\metadata.h" />
    <ClInclude Include="external\assimp\NullLogger.hpp" />
    <ClInclude Include="external\assimp\ObjMaterial.h" />
    <ClInclude Include="external\assimp\ParsingUtils.h" />
    <ClInclude Include="external\assimp\pbrmaterial.h" />
    <ClInclude Include="external\assimp\port\AndroidJNI\AndroidJNIIOSystem.h" />
    <ClInclude Include="external\assimp\port\AndroidJNI\BundledAssetIOSystem.h" />
    <ClInclude Include="external\assimp\postprocess.h" />
    <ClInclude Include="external\assimp\Profiler.h" />
    <ClInclude Include="external\assimp\ProgressHandler.hpp" />
    <ClInclude Include="external\assimp\qnan.h" />
    <ClInclude Include="external\assimp\quaternion.h" />
    <ClInclude Include="external\assimp\quaternion.inl" />
    <ClInclude Include="external\assimp\RemoveComments.h" />
    <ClInclude Include="external\assimp\scene.h" />
    <ClInclude Include="external\assimp\SceneCombiner.h" />
    <ClInclude Include="external\assimp\SGSpatialSort.h" />
    <ClInclude Include="external\assimp\SkeletonMeshBuilder.h" />
    <ClInclude Include="external\assimp\SmallVector.h" />
    <ClInclude Include="external\assimp\SmoothingGroups.h" />
    <ClInclude Include="external\assimp\SmoothingGroups.inl" />
    <ClInclude Include="external\assimp\SpatialSort.h" />
    <ClInclude Include="external\assimp\StandardShapes.h" />
    <ClInclude Include="external\assimp\StreamReader.h" />
    <ClInclude Include="external\assimp\StreamWriter.h" />
    <ClInclude Include="external\assimp\StringComparison.h" />
    <ClInclude Include="external\assimp\StringUtils.h" />
    <ClInclude Include="external\assimp\Subdivision.h" />
    <ClInclude Include="external\assimp\texture.h" />
    <ClInclude Include="external\assimp\TinyFormatter.h" />
    <ClInclude Include="external\assimp\types.h" />
    <ClInclude Include="external\assimp\vector2.h" />
    <ClInclude Include="external\assimp\vector2.inl" />
    <ClInclude Include="external\assimp\vector3.h" />
    <ClInclude Include="external\assimp\vector3.inl" />
    <ClInclude Include="external\assimp\version.h" />
    <ClInclude Include="external\assimp\Vertex.h" />
    <ClInclude Include="external\assimp\XmlParser.h" />
    <ClInclude Include="external\assimp\XMLTools.h" />
    <ClInclude Include="external\assimp\ZipArchiveIOSystem.h" />
    <ClInclude Include="external\glad\glad.h" />
    <ClInclude Include="external\glfw\glfw3.h" />
    <ClInclude Include="external\glfw\glfw3native.h" />
    <ClInclude Include="external\glm\common.hpp" />
    <ClInclude Include="external\glm\detail\compute_common.hpp" />
    <ClInclude Include="external\glm\detail\compute_vector_decl.hpp" />
    <ClInclude Include="external\glm\detail\compute_vector_relational.hpp" />
    <ClInclude Include="external\glm\detail\func_common.inl" />
    <ClInclude Include="external\glm\detail\func_common_simd.inl" />
    <ClInclude Include="external\glm\detail\func_exponential.inl" />
    <ClInclude Include="external\glm\detail\func_exponential_simd.inl" />
    <ClInclude Include="external\glm\detail\func_geometric.inl" />
    <ClInclude Include="external\glm\detail\func_geometric_simd.inl" />
    <ClInclude Include="external\glm\detail\func_integer.inl" />
    <ClInclude Include="external\glm\detail\func_integer_simd.inl" />
    <ClInclude Include="external\glm\detail\func_matrix.inl" />
    <ClInclude Include="external\glm\detail\func_matrix_simd.inl" />
    <ClInclude Include="external\glm\detail\func_packing.inl" />
    <ClInclude Include="external\glm\detail\func_packing_simd.inl" />
    <ClInclude Include="external\glm\detail\func_trigonometric.inl" />
    <ClInclude Include="external\glm\detail\func_trigonometric_simd.inl" />
    <ClInclude Include="external\glm\detail\func_vector_relational.inl" />
    <ClInclude Include="external\glm\detail\func_vector_relational_simd.inl" />
    <ClInclude Include="external\glm\detail\qualifier.hpp" />
    <ClInclude Include="external\glm\detail\setup.hpp" />
    <ClInclude Include="external\glm\detail\type_float.hpp" />
    <ClInclude Include="external\glm\detail\type_half.hpp" />
    <ClInclude Include="external\glm\detail\type_half.inl" />
    <ClInclude Include="external\glm\detail\type_mat2x2.hpp" />
    <ClInclude Include="external\glm\detail\type_mat2x2.inl" />
    <ClInclude Include="external\glm\detail\type_mat2x3.hpp" />
    <ClInclude Include="external\glm\detail\type_mat2x3.inl" />
    <ClInclude Include="external\glm\detail\type_mat2x4.hpp" />
    <ClInclude Include="external\glm\detail\type_mat2x4.inl" />
    <ClInclude Include="external\glm\detail\type_mat3x2.hpp" />
    <ClInclude Include="external\glm\detail\type_mat3x2.inl" />
    <ClInclude Include="external\glm\detail\type_mat3x3.hpp" />
    <ClInclude Include="external\glm\detail\type_mat3x3.inl" />
    <ClInclude Include="external\glm\detail\type_mat3x4.hpp" />
    <ClInclude Include="external\glm\detail\type_mat3x4.inl" />
    <ClInclude Include="external\glm\detail\type_mat4x2.hpp" />
    <ClInclude Include="external\glm\detail\type_mat4x2.inl" />
    <ClInclude Include="external\glm\detail\type_mat4x3.hpp" />
    <ClInclude Include="external\glm\detail\type_mat4x3.inl" />
    <ClInclude Include="external\glm\detail\type_mat4x4.hpp" />
    <ClInclude Include="external\glm\detail\type_mat4x4.inl" />
    <ClInclude Include="external\glm\detail\type_mat4x4_simd.inl" />
    <ClInclude Include="external\glm\detail\type_quat.hpp" />
    <ClInclude Include="external\glm\detail\type_quat.inl" />
    <ClInclude Include="external\glm\detail\type_quat_simd.inl" />
    <ClInclude Include="external\glm\detail\type_vec1.hpp" />
    <ClInclude Include="external\glm\detail\type_vec1.inl" />
    <ClInclude Include="external\glm\detail\type_vec2.hpp" />
    <ClInclude Include="external\glm\detail\type_vec2.inl" />
    <ClInclude Include="external\glm\detail\type_vec3.hpp" />
    <ClInclude Include="external\glm\detail\type_vec3.inl" />
    <ClInclude Include="external\glm\detail\type_vec4.hpp" />
    <ClInclude Include="external\glm\detail\type_vec4.inl" />
    <ClInclude Include="external\glm\detail\type_vec4_simd.inl" />
    <ClInclude Include="external\glm\detail\_features.hpp" />
    <ClInclude Include="external\glm\detail\_fixes.hpp" />
    <ClInclude Include="external\glm\detail\_noise.hpp" />
    <ClInclude Include="external\glm\detail\_swizzle.hpp" />
    <ClInclude Include="external\glm\detail\_swizzle_func.hpp" />
    <ClInclude Include="external\glm\detail\_vectorize.hpp" />
    <ClInclude Include="external\glm\exponential.hpp" />
    <ClInclude Include="external\glm\ext.hpp" />
    <ClInclude Include="external\glm\ext\matrix_clip_space.hpp" />
    <ClInclude Include="external\glm\ext\matrix_clip_space.inl" />
    <ClInclude Include="external\glm\ext\matrix_common.hpp" />
    <ClInclude Include="external\glm\ext\matrix_common.inl" />
    <ClInclude Include="external\glm\ext\matrix_double2x2.hpp" />
    <ClInclude Include="external\glm\ext\matrix_double2x2_precision.hpp" />
    <ClInclude Include="external\glm\ext\matrix_double2x3.hpp" />
    <ClInclude Include="external\glm\ext\matrix_double2x3_precision.hpp" />
    <ClInclude Include="external\glm\ext\matrix_double2x4.hpp" />
    <ClInclude Include="external\glm\ext\matrix_double2x4_precision.hpp" />
    <ClInclude Include="external\glm\ext\matrix_double3x2.hpp" />
    <ClInclude Include="external\glm\ext\matrix_double3x2_precision.hpp" />
    <ClInclude Include="external\glm\ext\matrix_double3x3.hpp" />
    <ClInclude Include="external\glm\ext\matrix_double3x3_precision.hpp" />
    <ClInclude Include="external\glm\ext\matrix_double3x4.hpp" />
    <ClInclude Include="external\glm\ext\matrix_double3x4_precision.hpp" />
    <ClInclude Include="external\glm\ext\matrix_double4x2.hpp" />
    <ClInclude Include="external\glm\ext\matrix_double4x2_precision.hpp" />
    <ClInclude Include="external\glm\ext\matrix_double4x3.hpp" />
    <ClInclude Include="external\glm\ext\matrix_double4x3_precision.hpp" />
    <ClInclude Include="external\glm\ext\matrix_double4x4.hpp" />
    <ClInclude Include="external\glm\ext\matrix_double4x4_precision.hpp" />
    <ClInclude Include="external\glm\ext\matrix_float2x2.hpp" />
    <ClInclude Include="external\glm\ext\matrix_float2x2_precision.hpp" />
    <ClInclude Include="external\glm\ext\matrix_float2x3.hpp" />
    <ClInclude Include="external\glm\ext\matrix_float2x3_precision.hpp" />
    <ClInclude Include="external\glm\ext\matrix_float2x4.hpp" />
    <ClInclude Include="external\glm\ext\matrix_float2x4_precision.hpp" />
    <ClInclude Include="external\glm\ext\matrix_float3x2.hpp" />
    <ClInclude Include="external\glm\ext\matrix_float3x2_precision.hpp" />
    <ClInclude Include="external\glm\ext\matrix_float3x3.hpp" />
    <ClInclude Include="external\glm\ext\matrix_float3x3_precision.hpp" />
    <ClInclude Include="external\glm\ext\matrix_float3x4.hpp" />
    <ClInclude Include="external\glm\ext\matrix_float3x4_precision.hpp" />
    <ClInclude Include="external\glm\ext\matrix_float4x2.hpp" />
    <ClInclude Include="external\glm\ext\matrix_float4x2_precision.hpp" />
    <ClInclude Include="external\glm\ext\matrix_float4x3.hpp" />
    <ClInclude Include="external\glm\ext\matrix_float4x3_precision.hpp" />
    <ClInclude Include="external\glm\ext\matrix_float4x4.hpp" />
    <ClInclude Include="external\glm\ext\matrix_float4x4_precision.hpp" />
    <ClInclude Include="external\glm\ext\matrix_int2x2.hpp" />
    <ClInclude Include="external\glm\ext\matrix_int2x2_sized.hpp" />
    <ClInclude Include="external\glm\ext\matrix_int2x3.hpp" />
    <ClInclude Include="external\glm\ext\matrix_int2x3_sized.hpp" />
    <ClInclude Include="external\glm\ext\matrix_int2x4.hpp" />
    <ClInclude Include="external\glm\ext\matrix_int2x4_sized.hpp" />
    <ClInclude Include="external\glm\ext\matrix_int3x2.hpp" />
    <ClInclude Include="external\glm\ext\matrix_int3x2_sized.hpp" />
    <ClInclude Include="external\glm\ext\matrix_int3x3.hpp" />
    <ClInclude Include="external\glm\ext\matrix_int3x3_sized.hpp" />
    <ClInclude Include="external\glm\ext\matrix_int3x4.hpp" />
    <ClInclude Include="external\glm\ext\matrix_int3x4_sized.hpp" />
    <ClInclude Include="external\glm\ext\matrix_int4x2.hpp" />
    <ClInclude Include="external\glm\ext\matrix_int4x2_sized.hpp" />
    <ClInclude Include="external\glm\ext\matrix_int4x3.hpp" />
    <ClInclude Include="external\glm\ext\matrix_int4x3_sized.hpp" />
    <ClInclude Include="external\glm\ext\matrix_int4x4.hpp" />
    <ClInclude Include="external\glm\ext\matrix_int4x4_sized.hpp" />
    <ClInclude Include="external\glm\ext\matrix_integer.hpp" />
    <ClInclude Include="external\glm\ext\matrix_integer.inl" />
    <ClInclude Include="external\glm\ext\matrix_projection.hpp" />
    <ClInclude Include="external\glm\ext\matrix_projection.inl" />
    <ClInclude Include="external\glm\ext\matrix_relational.hpp" />
    <ClInclude Include="external\glm\ext\matrix_relational.inl" />
    <ClInclude Include="external\glm\ext\matrix_transform.hpp" />
    <ClInclude Include="external\glm\ext\matrix_transform.inl" />
    <ClInclude Include="external\glm\ext\matrix_uint2x2.hpp" />
    <ClInclude Include="external\glm\ext\matrix_uint2x2_sized.hpp" />
    <ClInclude Include="external\glm\ext\matrix_uint2x3.hpp" />
    <ClInclude Include="external\glm\ext\matrix_uint2x3_sized.hpp" />
    <ClInclude Include="external\glm\ext\matrix_uint2x4.hpp" />
    <ClInclude Include="external\glm\ext\matrix_uint2x4_sized.hpp" />
    <ClInclude Include="external\glm\ext\matrix_uint3x2.hpp" />
    <ClInclude Include="external\glm\ext\matrix_uint3x2_sized.hpp" />
    <ClInclude Include="external\glm\ext\matrix_uint3x3.hpp" />
    <ClInclude Include="external\glm\ext\matrix_uint3x3_sized.hpp" />
    <ClInclude Include="external\glm\ext\matrix_uint3x4.hpp" />
    <ClInclude Include="external\glm\ext\matrix_uint3x4_sized.hpp" />
    <ClInclude Include="external\glm\ext\matrix_uint4x2.hpp" />
    <ClInclude Include="external\glm\ext\matrix_uint4x2_sized.hpp" />
    <ClInclude Include="external\glm\ext\matrix_uint4x3.hpp" />
    <ClInclude Include="external\glm\ext\matrix_uint4x3_sized.hpp" />
    <ClInclude Include="external\glm\ext\matrix_uint4x4.hpp" />
    <ClInclude Include="external\glm\ext\matrix_uint4x4_sized.hpp" />
    <ClInclude Include="external\glm\ext\quaternion_common.hpp" />
    <ClInclude Include="external\glm\ext\quaternion_common.inl" />
    <ClInclude Include="external\glm\ext\quaternion_common_simd.inl" />
    <ClInclude Include="external\glm\ext\quaternion_double.hpp" />
    <ClInclude Include="external\glm\ext\quaternion_double_precision.hpp" />
    <ClInclude Include="external\glm\ext\quaternion_exponential.hpp" />
    <ClInclude Include="external\glm\ext\quaternion_exponential.inl" />
    <ClInclude Include="external\glm\ext\quaternion_float.hpp" />
    <ClInclude Include="external\glm\ext\quaternion_float_precision.hpp" />
    <ClInclude Include="external\glm\ext\quaternion_geometric.hpp" />
    <ClInclude Include="external\glm\ext\quaternion_geometric.inl" />
    <ClInclude Include="external\glm\ext\quaternion_relational.hpp" />
    <ClInclude Include="external\glm\ext\quaternion_relational.inl" />
    <ClInclude Include="external\glm\ext\quaternion_transform.hpp" />
    <ClInclude Include="external\glm\ext\quaternion_transform.inl" />
    <ClInclude Include="external\glm\ext\quaternion_trigonometric.hpp" />
    <ClInclude Include="external\glm\ext\quaternion_trigonometric.inl" />
    <ClInclude Include="external\glm\ext\scalar_common.hpp" />
    <ClInclude Include="external\glm\ext\scalar_common.inl" />
    <ClInclude Include="external\glm\ext\scalar_constants.hpp" />
    <ClInclude Include="external\glm\ext\scalar_constants.inl" />
    <ClInclude Include="external\glm\ext\scalar_integer.hpp" />
    <ClInclude Include="external\glm\ext\scalar_integer.inl" />
    <ClInclude Include="external\glm\ext\scalar_int_sized.hpp" />
    <ClInclude Include="external\glm\ext\scalar_packing.hpp" />
    <ClInclude Include="external\glm\ext\scalar_packing.inl" />
    <ClInclude Include="external\glm\ext\scalar_reciprocal.hpp" />
    <ClInclude Include="external\glm\ext\scalar_reciprocal.inl" />
    <ClInclude Include="external\glm\ext\scalar_relational.hpp" />
    <ClInclude Include="external\glm\ext\scalar_relational.inl" />
    <ClInclude Include="external\glm\ext\scalar_uint_sized.hpp" />
    <ClInclude Include="external\glm\ext\scalar_ulp.hpp" />
    <ClInclude Include="external\glm\ext\scalar_ulp.inl" />
    <ClInclude Include="external\glm\ext\vector_bool1.hpp" />
    <ClInclude Include="external\glm\ext\vector_bool1_precision.hpp" />
    <ClInclude Include="external\glm\ext\vector_bool2.hpp" />
    <ClInclude Include="external\glm\ext\vector_bool2_precision.hpp" />
    <ClInclude Include="external\glm\ext\vector_bool3.hpp" />
    <ClInclude Include="external\glm\ext\vector_bool3_precision.hpp" />
    <ClInclude Include="external\glm\ext\vector_bool4.hpp" />
    <ClInclude Include="external\glm\ext\vector_bool4_precision.hpp" />
    <ClInclude Include="external\glm\ext\vector_common.hpp" />
    <ClInclude Include="external\glm\ext\vector_common.inl" />
    <ClInclude Include="external\glm\ext\vector_double1.hpp" />
    <ClInclude Include="external\glm\ext\vector_double1_precision.hpp" />
    <ClInclude Include="external\glm\ext\vector_double2.hpp" />
    <ClInclude Include="external\glm\ext\vector_double2_precision.hpp" />
    <ClInclude Include="external\glm\ext\vector_double3.hpp" />
    <ClInclude Include="external\glm\ext\vector_double3_precision.hpp" />
    <ClInclude Include="external\glm\ext\vector_double4.hpp" />
    <ClInclude Include="external\glm\ext\vector_double4_precision.hpp" />
    <ClInclude Include="external\glm\ext\vector_float1.hpp" />
    <ClInclude Include="external\glm\ext\vector_float1_precision.hpp" />
    <ClInclude Include="external\glm\ext\vector_float2.hpp" />
    <ClInclude Include="external\glm\ext\vector_float2_precision.hpp" />
    <ClInclude Include="external\glm\ext\vector_float3.hpp" />
    <ClInclude Include="external\glm\ext\vector_float3_precision.hpp" />
    <ClInclude Include="external\glm\ext\vector_float4.hpp" />
    <ClInclude Include="external\glm\ext\vector_float4_precision.hpp" />
    <ClInclude Include="external\glm\ext\vector_int1.hpp" />
    <ClInclude Include="external\glm\ext\vector_int1_sized.hpp" />
    <ClInclude Include="external\glm\ext\vector_int2.hpp" />
    <ClInclude Include="external\glm\ext\vector_int2_sized.hpp" />
    <ClInclude Include="external\glm\ext\vector_int3.hpp" />
    <ClInclude Include="external\glm\ext\vector_int3_sized.hpp" />
    <ClInclude Include="external\glm\ext\vector_int4.hpp" />
    <ClInclude Include="external\glm\ext\vector_int4_sized.hpp" />
    <ClInclude Include="external\glm\ext\vector_integer.hpp" />
    <ClInclude Include="external\glm\ext\vector_integer.inl" />
    <ClInclude Include="external\glm\ext\vector_packing.hpp" />
    <ClInclude Include="external\glm\ext\vector_packing.inl" />
    <ClInclude Include="external\glm\ext\vector_reciprocal.hpp" />
    <ClInclude Include="external\glm\ext\vector_reciprocal.inl" />
    <ClInclude Include="external\glm\ext\vector_relational.hpp" />
    <ClInclude Include="external\glm\ext\vector_relational.inl" />
    <ClInclude Include="external\glm\ext\vector_uint1.hpp" />
    <ClInclude Include="external\glm\ext\vector_uint1_sized.hpp" />
    <ClInclude Include="external\glm\ext\vector_uint2.hpp" />
    <ClInclude Include="external\glm\ext\vector_uint2_sized.hpp" />
    <ClInclude Include="external\glm\ext\vector_uint3.hpp" />
    <ClInclude Include="external\glm\ext\vector_uint3_sized.hpp" />
    <ClInclude Include="external\glm\ext\vector_uint4.hpp" />
    <ClInclude Include="external\glm\ext\vector_uint4_sized.hpp" />
    <ClInclude Include="external\glm\ext\vector_ulp.hpp" />
    <ClInclude Include="external\glm\ext\vector_ulp.inl" />
    <ClInclude Include="external\glm\ext\_matrix_vectorize.hpp" />
    <ClInclude Include="external\glm\fwd.hpp" />
    <ClInclude Include="external\glm\geometric.hpp" />
    <ClInclude Include="external\glm\glm.hpp" />
    <ClInclude Include="external\glm\gtc\bitfield.hpp" />
    <ClInclude Include="external\glm\gtc\bitfield.inl" />
    <ClInclude Include="external\glm\gtc\color_space.hpp" />
    <ClInclude Include="external\glm\gtc\color_space.inl" />
    <ClInclude Include="external\glm\gtc\constants.hpp" />
    <ClInclude Include="external\glm\gtc\constants.inl" />
    <ClInclude Include="external\glm\gtc\epsilon.hpp" />
    <ClInclude Include="external\glm\gtc\epsilon.inl" />
    <ClInclude Include="external\glm\gtc\integer.hpp" />
    <ClInclude Include="external\glm\gtc\integer.inl" />
    <ClInclude Include="external\glm\gtc\matrix_access.hpp" />
    <ClInclude Include="external\glm\gtc\matrix_access.inl" />
    <ClInclude Include="external\glm\gtc\matrix_integer.hpp" />
    <ClInclude Include="external\glm\gtc\matrix_inverse.hpp" />
    <ClInclude Include="external\glm\gtc\matrix_inverse.inl" />
    <ClInclude Include="external\glm\gtc\matrix_transform.hpp" />
    <ClInclude Include="external\glm\gtc\matrix_transform.inl" />
    <ClInclude Include="external\glm\gtc\noise.hpp" />
    <ClInclude Include="external\glm\gtc\noise.inl" />
    <ClInclude Include="external\glm\gtc\packing.hpp" />
    <ClInclude Include="external\glm\gtc\packing.inl" />
    <ClInclude Include="external\glm\gtc\quaternion.hpp" />
    <ClInclude Include="external\glm\gtc\quaternion.inl" />
    <ClInclude Include="external\glm\gtc\quaternion_simd.inl" />
    <ClInclude Include="external\glm\gtc\random.hpp" />
    <ClInclude Include="external\glm\gtc\random.inl" />
    <ClInclude Include="external\glm\gtc\reciprocal.hpp" />
    <ClInclude Include="external\glm\gtc\round.hpp" />
    <ClInclude Include="external\glm\gtc\round.inl" />
    <ClInclude Include="external\glm\gtc\type_aligned.hpp" />
    <ClInclude Include="external\glm\gtc\type_precision.hpp" />
    <ClInclude Include="external\glm\gtc\type_precision.inl" />
    <ClInclude Include="external\glm\gtc\type_ptr.hpp" />
    <ClInclude Include="external\glm\gtc\type_ptr.inl" />
    <ClInclude Include="external\glm\gtc\ulp.hpp" />
    <ClInclude Include="external\glm\gtc\ulp.inl" />
    <ClInclude Include="external\glm\gtc\vec1.hpp" />
    <ClInclude Include="external\glm\gtx\associated_min_max.hpp" />
    <ClInclude Include="external\glm\gtx\associated_min_max.inl" />
    <ClInclude Include="external\glm\gtx\bit.hpp" />
    <ClInclude Include="external\glm\gtx\bit.inl" />
    <ClInclude Include="external\glm\gtx\closest_point.hpp" />
    <ClInclude Include="external\glm\gtx\closest_point.inl" />
    <ClInclude Include="external\glm\gtx\color_encoding.hpp" />
    <ClInclude Include="external\glm\gtx\color_encoding.inl" />
    <ClInclude Include="external\glm\gtx\color_space.hpp" />
    <ClInclude Include="external\glm\gtx\color_space.inl" />
    <ClInclude Include="external\glm\gtx\color_space_YCoCg.hpp" />
    <ClInclude Include="external\glm\gtx\color_space_YCoCg.inl" />
    <ClInclude Include="external\glm\gtx\common.hpp" />
    <ClInclude Include="external\glm\gtx\common.inl" />
    <ClInclude Include="external\glm\gtx\compatibility.hpp" />
    <ClInclude Include="external\glm\gtx\compatibility.inl" />
    <ClInclude Include="external\glm\gtx\component_wise.hpp" />
    <ClInclude Include="external\glm\gtx\component_wise.inl" />
    <ClInclude Include="external\glm\gtx\dual_quaternion.hpp" />
    <ClInclude Include="external\glm\gtx\dual_quaternion.inl" />
    <ClInclude Include="external\glm\gtx\easing.hpp" />
    <ClInclude Include="external\glm\gtx\easing.inl" />
    <ClInclude Include="external\glm\gtx\euler_angles.hpp" />
    <ClInclude Include="external\glm\gtx\euler_angles.inl" />
    <ClInclude Include="external\glm\gtx\extend.hpp" />
    <ClInclude Include="external\glm\gtx\extend.inl" />
    <ClInclude Include="external\glm\gtx\extended_min_max.hpp" />
    <ClInclude Include="external\glm\gtx\extended_min_max.inl" />
    <ClInclude Include="external\glm\gtx\exterior_product.hpp" />
    <ClInclude Include="external\glm\gtx\exterior_product.inl" />
    <ClInclude Include="external\glm\gtx\fast_exponential.hpp" />
    <ClInclude Include="external\glm\gtx\fast_exponential.inl" />
    <ClInclude Include="external\glm\gtx\fast_square_root.hpp" />
    <ClInclude Include="external\glm\gtx\fast_square_root.inl" />
    <ClInclude Include="external\glm\gtx\fast_trigonometry.hpp" />
    <ClInclude Include="external\glm\gtx\fast_trigonometry.inl" />
    <ClInclude Include="external\glm\gtx\float_notmalize.inl" />
    <ClInclude Include="external\glm\gtx\functions.hpp" />
    <ClInclude Include="external\glm\gtx\functions.inl" />
    <ClInclude Include="external\glm\gtx\gradient_paint.hpp" />
    <ClInclude Include="external\glm\gtx\gradient_paint.inl" />
    <ClInclude Include="external\glm\gtx\handed_coordinate_space.hpp" />
    <ClInclude Include="external\glm\gtx\handed_coordinate_space.inl" />
    <ClInclude Include="external\glm\gtx\hash.hpp" />
    <ClInclude Include="external\glm\gtx\hash.inl" />
    <ClInclude Include="external\glm\gtx\integer.hpp" />
    <ClInclude Include="external\glm\gtx\integer.inl" />
    <ClInclude Include="external\glm\gtx\intersect.hpp" />
    <ClInclude Include="external\glm\gtx\intersect.inl" />
    <ClInclude Include="external\glm\gtx\io.hpp" />
    <ClInclude Include="external\glm\gtx\io.inl" />
    <ClInclude Include="external\glm\gtx\log_base.hpp" />
    <ClInclude Include="external\glm\gtx\log_base.inl" />
    <ClInclude Include="external\glm\gtx\matrix_cross_product.hpp" />
    <ClInclude Include="external\glm\gtx\matrix_cross_product.inl" />
    <ClInclude Include="external\glm\gtx\matrix_decompose.hpp" />
    <ClInclude Include="external\glm\gtx\matrix_decompose.inl" />
    <ClInclude Include="external\glm\gtx\matrix_factorisation.hpp" />
    <ClInclude Include="external\glm\gtx\matrix_factorisation.inl" />
    <ClInclude Include="external\glm\gtx\matrix_interpolation.hpp" />
    <ClInclude Include="external\glm\gtx\matrix_interpolation.inl" />
    <ClInclude Include="external\glm\gtx\matrix_major_storage.hpp" />
    <ClInclude Include="external\glm\gtx\matrix_major_storage.inl" />
    <ClInclude Include="external\glm\gtx\matrix_operation.hpp" />
    <ClInclude Include="external\glm\gtx\matrix_operation.inl" />
    <ClInclude Include="external\glm\gtx\matrix_query.hpp" />
    <ClInclude Include="external\glm\gtx\matrix_query.inl" />
    <ClInclude Include="external\glm\gtx\matrix_transform_2d.hpp" />
    <ClInclude Include="external\glm\gtx\matrix_transform_2d.inl" />
    <ClInclude Include="external\glm\gtx\mixed_product.hpp" />
    <ClInclude Include="external\glm\gtx\mixed_product.inl" />
    <ClInclude Include="external\glm\gtx\norm.hpp" />
    <ClInclude Include="external\glm\gtx\norm.inl" />
    <ClInclude Include="external\glm\gtx\normal.hpp" />
    <ClInclude Include="external\glm\gtx\normal.inl" />
    <ClInclude Include="external\glm\gtx\normalize_dot.hpp" />
    <ClInclude Include="external\glm\gtx\normalize_dot.inl" />
    <ClInclude Include="external\glm\gtx\number_precision.hpp" />
    <ClInclude Include="external\glm\gtx\optimum_pow.hpp" />
    <ClInclude Include="external\glm\gtx\optimum_pow.inl" />
    <ClInclude Include="external\glm\gtx\orthonormalize.hpp" />
    <ClInclude Include="external\glm\gtx\orthonormalize.inl" />
    <ClInclude Include="external\glm\gtx\pca.hpp" />
    <ClInclude Include="external\glm\gtx\pca.inl" />
    <ClInclude Include="external\glm\gtx\perpendicular.hpp" />
    <ClInclude Include="external\glm\gtx\perpendicular.inl" />
    <ClInclude Include="external\glm\gtx\polar_coordinates.hpp" />
    <ClInclude Include="external\glm\gtx\polar_coordinates.inl" />
    <ClInclude Include="external\glm\gtx\projection.hpp" />
    <ClInclude Include="external\glm\gtx\projection.inl" />
    <ClInclude Include="external\glm\gtx\quaternion.hpp" />
    <ClInclude Include="external\glm\gtx\quaternion.inl" />
    <ClInclude Include="external\glm\gtx\range.hpp" />
    <ClInclude Include="external\glm\gtx\raw_data.hpp" />
    <ClInclude Include="external\glm\gtx\raw_data.inl" />
    <ClInclude Include="external\glm\gtx\rotate_normalized_axis.hpp" />
    <ClInclude Include="external\glm\gtx\rotate_normalized_axis.inl" />
    <ClInclude Include="external\glm\gtx\rotate_vector.hpp" />
    <ClInclude Include="external\glm\gtx\rotate_vector.inl" />
    <ClInclude Include="external\glm\gtx\scalar_multiplication.hpp" />
    <ClInclude Include="external\glm\gtx\scalar_relational.hpp" />
    <ClInclude Include="external\glm\gtx\scalar_relational.inl" />
    <ClInclude Include="external\glm\gtx\spline.hpp" />
    <ClInclude Include="external\glm\gtx\spline.inl" />
    <ClInclude Include="external\glm\gtx\std_based_type.hpp" />
    <ClInclude Include="external\glm\gtx\std_based_type.inl" />
    <ClInclude Include="external\glm\gtx\string_cast.hpp" />
    <ClInclude Include="external\glm\gtx\string_cast.inl" />
    <ClInclude Include="external\glm\gtx\texture.hpp" />
    <ClInclude Include="external\glm\gtx\texture.inl" />
    <ClInclude Include="external\glm\gtx\transform.hpp" />
    <ClInclude Include="external\glm\gtx\transform.inl" />
    <ClInclude Include="external\glm\gtx\transform2.hpp" />
    <ClInclude Include="external\glm\gtx\transform2.inl" />
    <ClInclude Include="external\glm\gtx\type_aligned.hpp" />
    <ClInclude Include="external\glm\gtx\type_aligned.inl" />
    <ClInclude Include="external\glm\gtx\type_trait.hpp" />
    <ClInclude Include="external\glm\gtx\type_trait.inl" />
    <ClInclude Include="external\glm\gtx\vector_angle.hpp" />
    <ClInclude Include="external\glm\gtx\vector_angle.inl" />
    <ClInclude Include="external\glm\gtx\vector_query.hpp" />
    <ClInclude Include="external\glm\gtx\vector_query.inl" />
    <ClInclude Include="external\glm\gtx\vec_swizzle.hpp" />
    <ClInclude Include="external\glm\gtx\wrap.hpp" />
    <ClInclude Include="external\glm\gtx\wrap.inl" />
    <ClInclude Include="external\glm\integer.hpp" />
    <ClInclude Include="external\glm\mat2x2.hpp" />
    <ClInclude Include="external\glm\mat2x3.hpp" />
    <ClInclude Include="external\glm\mat2x4.hpp" />
    <ClInclude Include="external\glm\mat3x2.hpp" />
    <ClInclude Include="external\glm\mat3x3.hpp" />
    <ClInclude Include="external\glm\mat3x4.hpp" />
    <ClInclude Include="external\glm\mat4x2.hpp" />
    <ClInclude Include="external\glm\mat4x3.hpp" />
    <ClInclude Include="external\glm\mat4x4.hpp" />
    <ClInclude Include="external\glm\matrix.hpp" />
    <ClInclude Include="external\glm\packing.hpp" />
    <ClInclude Include="external\glm\simd\common.h" />
    <ClInclude Include="external\glm\simd\exponential.h" />
    <ClInclude Include="external\glm\simd\geometric.h" />
    <ClInclude Include="external\glm\simd\integer.h" />
    <ClInclude Include="external\glm\simd\matrix.h" />
    <ClInclude Include="external\glm\simd\neon.h" />
    <ClInclude Include="external\glm\simd\packing.h" />
    <ClInclude Include="external\glm\simd\platform.h" />
    <ClInclude Include="external\glm\simd\trigonometric.h" />
    <ClInclude Include="external\glm\simd\vector_relational.h" />
    <ClInclude Include="external\glm\trigonometric.hpp" />
    <ClInclude Include="external\glm\vec2.hpp" />
    <ClInclude Include="external\glm\vec3.hpp" />
    <ClInclude Include="external\glm\vec4.hpp" />
    <ClInclude Include="external\glm\vector_relational.hpp" />
    <ClInclude Include="external\KHR\khrplatform.h" />
    <ClInclude Include="external\stb_image.h" />
    <ClInclude Include="resources\rei_behaviours\render\Camera.h" />
    <ClInclude Include="resources\rei_behaviours\render\light\AmbientLight.h" />
    <ClInclude Include="resources\rei_behaviours\render\light\PointLight.h" />
    <ClInclude Include="resources\rei_behaviours\transformation\Transform.h" />
    <ClInclude Include="resources\rei_behaviours\transformation\TransformHierarchyOps.h" />
    <ClInclude Include="src\Common\ExitCodes.h" />
    <ClInclude Include="src\Common\Math\Vector3.h" />
    <ClInclude Include="src\Common\Tasks\Task.h" />
    <ClInclude Include="src\Common\Tasks\TaskExecutor.h" />
    <ClInclude Include="src\Ecs\RefComponent.h" />
    <ClInclude Include="src\Ecs\Systems\CallbackSystem.h" />
    <ClInclude Include="src\Ecs\Systems\DeleteHere.h" />
    <ClInclude Include="src\Modules\Input\Input.h" />
    <ClInclude Include="src\Modules\Render\Color\Color.h" />
    <ClInclude Include="src\Modules\Render\Shaders\ShaderGenerator.h" />
    <ClInclude Include="src\Modules\Render\Shaders\Shader.h" />
    <ClInclude Include="src\Modules\Render\Shaders\ShaderUtility.h" />
    <ClInclude Include="src\Modules\Render\Systems\AssignMainCameraSystem.h" />
    <ClInclude Include="src\Modules\Render\Systems\FlyCameraSystem.h" />
    <ClInclude Include="src\Modules\Window\MainWindowHandler.h" />
    <ClInclude Include="tests\render\BaseRenderScenario.h" />
    <ClInclude Include="tests\render\hello_triangle\hello_triangle.h" />
    <ClInclude Include="tests\render\hello_triangle\hello_triangle_e1.h" />
    <ClInclude Include="tests\render\hello_triangle\hello_triangle_e2.h" />
    <ClInclude Include="tests\render\hello_triangle\hello_triangle_e3.h" />
    <ClInclude Include="tests\render\hello_triangle\hello_triangle_indexed.h" />
    <ClInclude Include="tests\render\light\light_e0.h" />
    <ClInclude Include="tests\render\textures\texture_e0.h" />
    <ClInclude Include="tests\render\textures\texture_e1.h" />
    <ClInclude Include="tests\render\transform\transform_e0.h" />
    <ClInclude Include="tests\render\transform\transform_e1.h" />
    <ClInclude Include="src\Modules\Render\Mesh\Mesh.h" />
    <ClInclude Include="src\Modules\Render\Mesh\Vertex.h" />
    <ClInclude Include="src\Modules\Render\Model\Model.h" />
    <ClInclude Include="src\Modules\Render\Textures\Texture.h" />
    <ClInclude Include="tests\render\model\model_e0.h" />
  </ItemGroup>
</Project>
