Microsoft Visual Studio Solution File, Format Version 12.00
# Visual Studio Version 17
VisualStudioVersion = 17.3.32929.385
MinimumVisualStudioVersion = 10.0.40219.1
Project("{8BC9CEB8-8B4A-11D0-8D11-00A0C91BC942}") = "EngineFixture", "Project\Scripts\EngineFixture.vcxproj", "{e4a7601d-15c8-4a29-ad31-53207ba85694}"
EndProject
Global
	GlobalSection(SolutionConfigurationPlatforms) = preSolution
		Debug|x64 = Debug|x64
		EditorDebug|x64 = EditorDebug|x64
		EditorRelease|x64 = EditorRelease|x64
		Release|x64 = Release|x64
	EndGlobalSection
	GlobalSection(ProjectConfigurationPlatforms) = postSolution
		{e4a7601d-15c8-4a29-ad31-53207ba85694}.Debug|x64.ActiveCfg = Debug|x64
		{e4a7601d-15c8-4a29-ad31-53207ba85694}.Debug|x64.Build.0 = Debug|x64
		{e4a7601d-15c8-4a29-ad31-53207ba85694}.EditorDebug|x64.ActiveCfg = EditorDebug|x64
		{e4a7601d-15c8-4a29-ad31-53207ba85694}.EditorDebug|x64.Build.0 = EditorDebug|x64
		{e4a7601d-15c8-4a29-ad31-53207ba85694}.EditorRelease|x64.ActiveCfg = EditorRelease|x64
		{e4a7601d-15c8-4a29-ad31-53207ba85694}.EditorRelease|x64.Build.0 = EditorRelease|x64
		{e4a7601d-15c8-4a29-ad31-53207ba85694}.Release|x64.ActiveCfg = Release|x64
		{e4a7601d-15c8-4a29-ad31-53207ba85694}.Release|x64.Build.0 = Release|x64
	EndGlobalSection
	GlobalSection(SolutionProperties) = preSolution
		HideSolutionNode = FALSE
	EndGlobalSection
	GlobalSection(ExtensibilityGlobals) = postSolution
		SolutionGuid = {aa2c0542-39de-4e5b-9586-630883d1b4b0}
	EndGlobalSection
EndGlobal
